// !$*UTF8*$!
{
	archiveVersion = 1;
	classes = {
	};
	objectVersion = 55;
	objects = {

/* Begin PBXBuildFile section */
		FE8C8A85291802F400B8052C /* index.html in Resources */ = {isa = PBXBuildFile; fileRef = FE8C8A84291802F400B8052C /* index.html */; };
		FE8C8A872918030C00B8052C /* WebMessage.swift in Sources */ = {isa = PBXBuildFile; fileRef = FE8C8A862918030C00B8052C /* WebMessage.swift */; };
		FE8C8A892918033100B8052C /* WebView.swift in Sources */ = {isa = PBXBuildFile; fileRef = FE8C8A882918033100B8052C /* WebView.swift */; };
		FE9F2A33290C038900FA6F88 /* TabSampleApp.swift in Sources */ = {isa = PBXBuildFile; fileRef = FE9F2A32290C038900FA6F88 /* TabSampleApp.swift */; };
		FE9F2A35290C038900FA6F88 /* ContentView.swift in Sources */ = {isa = PBXBuildFile; fileRef = FE9F2A34290C038900FA6F88 /* ContentView.swift */; };
		FE9F2A37290C038B00FA6F88 /* Assets.xcassets in Resources */ = {isa = PBXBuildFile; fileRef = FE9F2A36290C038B00FA6F88 /* Assets.xcassets */; };
		FE9F2A3A290C038B00FA6F88 /* Preview Assets.xcassets in Resources */ = {isa = PBXBuildFile; fileRef = FE9F2A39290C038B00FA6F88 /* Preview Assets.xcassets */; };
		FE9F2A41290C0A2D00FA6F88 /* FirstTab.swift in Sources */ = {isa = PBXBuildFile; fileRef = FE9F2A40290C0A2D00FA6F88 /* FirstTab.swift */; };
		FEA7FB6E290CF41900EA73E5 /* String.swift in Sources */ = {isa = PBXBuildFile; fileRef = FEA7FB6D290CF41900EA73E5 /* String.swift */; };
		FEA7FB70290CF7FB00EA73E5 /* Date.swift in Sources */ = {isa = PBXBuildFile; fileRef = FEA7FB6F290CF7FB00EA73E5 /* Date.swift */; };
		FEA7FB75290D088E00EA73E5 /* ScheduleView.swift in Sources */ = {isa = PBXBuildFile; fileRef = FEA7FB74290D088E00EA73E5 /* ScheduleView.swift */; };
		FEA7FB7A290D348500EA73E5 /* FirebaseAuth in Frameworks */ = {isa = PBXBuildFile; productRef = FEA7FB79290D348500EA73E5 /* FirebaseAuth */; };
		FEA7FB7C290D348500EA73E5 /* FirebaseFirestore in Frameworks */ = {isa = PBXBuildFile; productRef = FEA7FB7B290D348500EA73E5 /* FirebaseFirestore */; };
		FEA7FB7E290D348500EA73E5 /* FirebaseStorage in Frameworks */ = {isa = PBXBuildFile; productRef = FEA7FB7D290D348500EA73E5 /* FirebaseStorage */; };
		FEA7FB80290D354100EA73E5 /* FirebaseManger.swift in Sources */ = {isa = PBXBuildFile; fileRef = FEA7FB7F290D354100EA73E5 /* FirebaseManger.swift */; };
		FEA7FB82290D36C000EA73E5 /* TestTab.swift in Sources */ = {isa = PBXBuildFile; fileRef = FEA7FB81290D36C000EA73E5 /* TestTab.swift */; };
		FEA7FB84290D3B6500EA73E5 /* GoogleService-Info.plist in Resources */ = {isa = PBXBuildFile; fileRef = FEA7FB83290D3B6500EA73E5 /* GoogleService-Info.plist */; };
		FEB1EDBB291AAB6400E0E6CF /* WebViewModel.swift in Sources */ = {isa = PBXBuildFile; fileRef = FEB1EDBA291AAB6400E0E6CF /* WebViewModel.swift */; };
/* End PBXBuildFile section */

/* Begin PBXFileReference section */
		FE8C8A84291802F400B8052C /* index.html */ = {isa = PBXFileReference; fileEncoding = 4; lastKnownFileType = text.html; path = index.html; sourceTree = "<group>"; };
		FE8C8A862918030C00B8052C /* WebMessage.swift */ = {isa = PBXFileReference; lastKnownFileType = sourcecode.swift; path = WebMessage.swift; sourceTree = "<group>"; };
		FE8C8A882918033100B8052C /* WebView.swift */ = {isa = PBXFileReference; lastKnownFileType = sourcecode.swift; path = WebView.swift; sourceTree = "<group>"; };
		FE9F2A2F290C038900FA6F88 /* TabSample.app */ = {isa = PBXFileReference; explicitFileType = wrapper.application; includeInIndex = 0; path = TabSample.app; sourceTree = BUILT_PRODUCTS_DIR; };
		FE9F2A32290C038900FA6F88 /* TabSampleApp.swift */ = {isa = PBXFileReference; lastKnownFileType = sourcecode.swift; path = TabSampleApp.swift; sourceTree = "<group>"; };
		FE9F2A34290C038900FA6F88 /* ContentView.swift */ = {isa = PBXFileReference; lastKnownFileType = sourcecode.swift; path = ContentView.swift; sourceTree = "<group>"; };
		FE9F2A36290C038B00FA6F88 /* Assets.xcassets */ = {isa = PBXFileReference; lastKnownFileType = folder.assetcatalog; path = Assets.xcassets; sourceTree = "<group>"; };
		FE9F2A39290C038B00FA6F88 /* Preview Assets.xcassets */ = {isa = PBXFileReference; lastKnownFileType = folder.assetcatalog; path = "Preview Assets.xcassets"; sourceTree = "<group>"; };
		FE9F2A40290C0A2D00FA6F88 /* FirstTab.swift */ = {isa = PBXFileReference; lastKnownFileType = sourcecode.swift; path = FirstTab.swift; sourceTree = "<group>"; };
		FEA7FB6D290CF41900EA73E5 /* String.swift */ = {isa = PBXFileReference; lastKnownFileType = sourcecode.swift; path = String.swift; sourceTree = "<group>"; };
		FEA7FB6F290CF7FB00EA73E5 /* Date.swift */ = {isa = PBXFileReference; lastKnownFileType = sourcecode.swift; path = Date.swift; sourceTree = "<group>"; };
		FEA7FB74290D088E00EA73E5 /* ScheduleView.swift */ = {isa = PBXFileReference; lastKnownFileType = sourcecode.swift; path = ScheduleView.swift; sourceTree = "<group>"; };
		FEA7FB7F290D354100EA73E5 /* FirebaseManger.swift */ = {isa = PBXFileReference; fileEncoding = 4; lastKnownFileType = sourcecode.swift; path = FirebaseManger.swift; sourceTree = "<group>"; };
		FEA7FB81290D36C000EA73E5 /* TestTab.swift */ = {isa = PBXFileReference; lastKnownFileType = sourcecode.swift; path = TestTab.swift; sourceTree = "<group>"; };
		FEA7FB83290D3B6500EA73E5 /* GoogleService-Info.plist */ = {isa = PBXFileReference; fileEncoding = 4; lastKnownFileType = text.plist.xml; path = "GoogleService-Info.plist"; sourceTree = "<group>"; };
		FEB1EDBA291AAB6400E0E6CF /* WebViewModel.swift */ = {isa = PBXFileReference; fileEncoding = 4; lastKnownFileType = sourcecode.swift; path = WebViewModel.swift; sourceTree = "<group>"; };
/* End PBXFileReference section */

/* Begin PBXFrameworksBuildPhase section */
		FE9F2A2C290C038900FA6F88 /* Frameworks */ = {
			isa = PBXFrameworksBuildPhase;
			buildActionMask = 2147483647;
			files = (
				FEA7FB7A290D348500EA73E5 /* FirebaseAuth in Frameworks */,
				FEA7FB7C290D348500EA73E5 /* FirebaseFirestore in Frameworks */,
				FEA7FB7E290D348500EA73E5 /* FirebaseStorage in Frameworks */,
			);
			runOnlyForDeploymentPostprocessing = 0;
		};
/* End PBXFrameworksBuildPhase section */

/* Begin PBXGroup section */
		FE8C8A83291802E100B8052C /* WebView */ = {
			isa = PBXGroup;
			children = (
				FE8C8A84291802F400B8052C /* index.html */,
				FE8C8A862918030C00B8052C /* WebMessage.swift */,
				FE8C8A882918033100B8052C /* WebView.swift */,
				FEB1EDBA291AAB6400E0E6CF /* WebViewModel.swift */,
			);
			path = WebView;
			sourceTree = "<group>";
		};
		FE9F2A26290C038900FA6F88 = {
			isa = PBXGroup;
			children = (
				FE9F2A31290C038900FA6F88 /* TabSample */,
				FE9F2A30290C038900FA6F88 /* Products */,
			);
			sourceTree = "<group>";
		};
		FE9F2A30290C038900FA6F88 /* Products */ = {
			isa = PBXGroup;
			children = (
				FE9F2A2F290C038900FA6F88 /* TabSample.app */,
			);
			name = Products;
			sourceTree = "<group>";
		};
		FE9F2A31290C038900FA6F88 /* TabSample */ = {
			isa = PBXGroup;
			children = (
				FEA7FB83290D3B6500EA73E5 /* GoogleService-Info.plist */,
				FE8C8A83291802E100B8052C /* WebView */,
				FEA7FB71290D000900EA73E5 /* FirstTab */,
				FEA7FB6B290CF3E000EA73E5 /* Utils */,
				FE9F2A32290C038900FA6F88 /* TabSampleApp.swift */,
				FE9F2A34290C038900FA6F88 /* ContentView.swift */,
				FE9F2A36290C038B00FA6F88 /* Assets.xcassets */,
				FE9F2A38290C038B00FA6F88 /* Preview Content */,
			);
			path = TabSample;
			sourceTree = "<group>";
		};
		FE9F2A38290C038B00FA6F88 /* Preview Content */ = {
			isa = PBXGroup;
			children = (
				FE9F2A39290C038B00FA6F88 /* Preview Assets.xcassets */,
			);
			path = "Preview Content";
			sourceTree = "<group>";
		};
		FEA7FB6B290CF3E000EA73E5 /* Utils */ = {
			isa = PBXGroup;
			children = (
				FEA7FB7F290D354100EA73E5 /* FirebaseManger.swift */,
				FEA7FB6C290CF40300EA73E5 /* Extension */,
			);
			path = Utils;
			sourceTree = "<group>";
		};
		FEA7FB6C290CF40300EA73E5 /* Extension */ = {
			isa = PBXGroup;
			children = (
				FEA7FB6D290CF41900EA73E5 /* String.swift */,
				FEA7FB6F290CF7FB00EA73E5 /* Date.swift */,
			);
			path = Extension;
			sourceTree = "<group>";
		};
		FEA7FB71290D000900EA73E5 /* FirstTab */ = {
			isa = PBXGroup;
			children = (
				FE9F2A40290C0A2D00FA6F88 /* FirstTab.swift */,
				FEA7FB74290D088E00EA73E5 /* ScheduleView.swift */,
				FEA7FB81290D36C000EA73E5 /* TestTab.swift */,
			);
			path = FirstTab;
			sourceTree = "<group>";
		};
/* End PBXGroup section */

/* Begin PBXNativeTarget section */
		FE9F2A2E290C038900FA6F88 /* TabSample */ = {
			isa = PBXNativeTarget;
			buildConfigurationList = FE9F2A3D290C038B00FA6F88 /* Build configuration list for PBXNativeTarget "TabSample" */;
			buildPhases = (
				FE9F2A2B290C038900FA6F88 /* Sources */,
				FE9F2A2C290C038900FA6F88 /* Frameworks */,
				FE9F2A2D290C038900FA6F88 /* Resources */,
			);
			buildRules = (
			);
			dependencies = (
			);
			name = TabSample;
			packageProductDependencies = (
				FEA7FB79290D348500EA73E5 /* FirebaseAuth */,
				FEA7FB7B290D348500EA73E5 /* FirebaseFirestore */,
				FEA7FB7D290D348500EA73E5 /* FirebaseStorage */,
			);
			productName = TabSample;
			productReference = FE9F2A2F290C038900FA6F88 /* TabSample.app */;
			productType = "com.apple.product-type.application";
		};
/* End PBXNativeTarget section */

/* Begin PBXProject section */
		FE9F2A27290C038900FA6F88 /* Project object */ = {
			isa = PBXProject;
			attributes = {
				BuildIndependentTargetsInParallel = 1;
				LastSwiftUpdateCheck = 1330;
				LastUpgradeCheck = 1330;
				TargetAttributes = {
					FE9F2A2E290C038900FA6F88 = {
						CreatedOnToolsVersion = 13.3;
					};
				};
			};
			buildConfigurationList = FE9F2A2A290C038900FA6F88 /* Build configuration list for PBXProject "TabSample" */;
			compatibilityVersion = "Xcode 13.0";
			developmentRegion = en;
			hasScannedForEncodings = 0;
			knownRegions = (
				en,
				Base,
			);
			mainGroup = FE9F2A26290C038900FA6F88;
			packageReferences = (
				FEA7FB78290D348500EA73E5 /* XCRemoteSwiftPackageReference "firebase-ios-sdk" */,
			);
			productRefGroup = FE9F2A30290C038900FA6F88 /* Products */;
			projectDirPath = "";
			projectRoot = "";
			targets = (
				FE9F2A2E290C038900FA6F88 /* TabSample */,
			);
		};
/* End PBXProject section */

/* Begin PBXResourcesBuildPhase section */
		FE9F2A2D290C038900FA6F88 /* Resources */ = {
			isa = PBXResourcesBuildPhase;
			buildActionMask = 2147483647;
			files = (
				FE9F2A3A290C038B00FA6F88 /* Preview Assets.xcassets in Resources */,
				FE8C8A85291802F400B8052C /* index.html in Resources */,
				FE9F2A37290C038B00FA6F88 /* Assets.xcassets in Resources */,
				FEA7FB84290D3B6500EA73E5 /* GoogleService-Info.plist in Resources */,
			);
			runOnlyForDeploymentPostprocessing = 0;
		};
/* End PBXResourcesBuildPhase section */

/* Begin PBXSourcesBuildPhase section */
		FE9F2A2B290C038900FA6F88 /* Sources */ = {
			isa = PBXSourcesBuildPhase;
			buildActionMask = 2147483647;
			files = (
				FE9F2A41290C0A2D00FA6F88 /* FirstTab.swift in Sources */,
				FE8C8A892918033100B8052C /* WebView.swift in Sources */,
				FEA7FB70290CF7FB00EA73E5 /* Date.swift in Sources */,
				FEA7FB80290D354100EA73E5 /* FirebaseManger.swift in Sources */,
				FE9F2A35290C038900FA6F88 /* ContentView.swift in Sources */,
				FEA7FB6E290CF41900EA73E5 /* String.swift in Sources */,
				FE9F2A33290C038900FA6F88 /* TabSampleApp.swift in Sources */,
				FEB1EDBB291AAB6400E0E6CF /* WebViewModel.swift in Sources */,
				FEA7FB75290D088E00EA73E5 /* ScheduleView.swift in Sources */,
				FEA7FB82290D36C000EA73E5 /* TestTab.swift in Sources */,
				FE8C8A872918030C00B8052C /* WebMessage.swift in Sources */,
			);
			runOnlyForDeploymentPostprocessing = 0;
		};
/* End PBXSourcesBuildPhase section */

/* Begin XCBuildConfiguration section */
		FE9F2A3B290C038B00FA6F88 /* Debug */ = {
			isa = XCBuildConfiguration;
			buildSettings = {
				ALWAYS_SEARCH_USER_PATHS = NO;
				CLANG_ANALYZER_NONNULL = YES;
				CLANG_ANALYZER_NUMBER_OBJECT_CONVERSION = YES_AGGRESSIVE;
				CLANG_CXX_LANGUAGE_STANDARD = "gnu++17";
				CLANG_ENABLE_MODULES = YES;
				CLANG_ENABLE_OBJC_ARC = YES;
				CLANG_ENABLE_OBJC_WEAK = YES;
				CLANG_WARN_BLOCK_CAPTURE_AUTORELEASING = YES;
				CLANG_WARN_BOOL_CONVERSION = YES;
				CLANG_WARN_COMMA = YES;
				CLANG_WARN_CONSTANT_CONVERSION = YES;
				CLANG_WARN_DEPRECATED_OBJC_IMPLEMENTATIONS = YES;
				CLANG_WARN_DIRECT_OBJC_ISA_USAGE = YES_ERROR;
				CLANG_WARN_DOCUMENTATION_COMMENTS = YES;
				CLANG_WARN_EMPTY_BODY = YES;
				CLANG_WARN_ENUM_CONVERSION = YES;
				CLANG_WARN_INFINITE_RECURSION = YES;
				CLANG_WARN_INT_CONVERSION = YES;
				CLANG_WARN_NON_LITERAL_NULL_CONVERSION = YES;
				CLANG_WARN_OBJC_IMPLICIT_RETAIN_SELF = YES;
				CLANG_WARN_OBJC_LITERAL_CONVERSION = YES;
				CLANG_WARN_OBJC_ROOT_CLASS = YES_ERROR;
				CLANG_WARN_QUOTED_INCLUDE_IN_FRAMEWORK_HEADER = YES;
				CLANG_WARN_RANGE_LOOP_ANALYSIS = YES;
				CLANG_WARN_STRICT_PROTOTYPES = YES;
				CLANG_WARN_SUSPICIOUS_MOVE = YES;
				CLANG_WARN_UNGUARDED_AVAILABILITY = YES_AGGRESSIVE;
				CLANG_WARN_UNREACHABLE_CODE = YES;
				CLANG_WARN__DUPLICATE_METHOD_MATCH = YES;
				COPY_PHASE_STRIP = NO;
				DEBUG_INFORMATION_FORMAT = dwarf;
				ENABLE_STRICT_OBJC_MSGSEND = YES;
				ENABLE_TESTABILITY = YES;
				GCC_C_LANGUAGE_STANDARD = gnu11;
				GCC_DYNAMIC_NO_PIC = NO;
				GCC_NO_COMMON_BLOCKS = YES;
				GCC_OPTIMIZATION_LEVEL = 0;
				GCC_PREPROCESSOR_DEFINITIONS = (
					"DEBUG=1",
					"$(inherited)",
				);
				GCC_WARN_64_TO_32_BIT_CONVERSION = YES;
				GCC_WARN_ABOUT_RETURN_TYPE = YES_ERROR;
				GCC_WARN_UNDECLARED_SELECTOR = YES;
				GCC_WARN_UNINITIALIZED_AUTOS = YES_AGGRESSIVE;
				GCC_WARN_UNUSED_FUNCTION = YES;
				GCC_WARN_UNUSED_VARIABLE = YES;
				IPHONEOS_DEPLOYMENT_TARGET = 15.0;
				MTL_ENABLE_DEBUG_INFO = INCLUDE_SOURCE;
				MTL_FAST_MATH = YES;
				ONLY_ACTIVE_ARCH = YES;
				SDKROOT = iphoneos;
				SWIFT_ACTIVE_COMPILATION_CONDITIONS = DEBUG;
				SWIFT_OPTIMIZATION_LEVEL = "-Onone";
			};
			name = Debug;
		};
		FE9F2A3C290C038B00FA6F88 /* Release */ = {
			isa = XCBuildConfiguration;
			buildSettings = {
				ALWAYS_SEARCH_USER_PATHS = NO;
				CLANG_ANALYZER_NONNULL = YES;
				CLANG_ANALYZER_NUMBER_OBJECT_CONVERSION = YES_AGGRESSIVE;
				CLANG_CXX_LANGUAGE_STANDARD = "gnu++17";
				CLANG_ENABLE_MODULES = YES;
				CLANG_ENABLE_OBJC_ARC = YES;
				CLANG_ENABLE_OBJC_WEAK = YES;
				CLANG_WARN_BLOCK_CAPTURE_AUTORELEASING = YES;
				CLANG_WARN_BOOL_CONVERSION = YES;
				CLANG_WARN_COMMA = YES;
				CLANG_WARN_CONSTANT_CONVERSION = YES;
				CLANG_WARN_DEPRECATED_OBJC_IMPLEMENTATIONS = YES;
				CLANG_WARN_DIRECT_OBJC_ISA_USAGE = YES_ERROR;
				CLANG_WARN_DOCUMENTATION_COMMENTS = YES;
				CLANG_WARN_EMPTY_BODY = YES;
				CLANG_WARN_ENUM_CONVERSION = YES;
				CLANG_WARN_INFINITE_RECURSION = YES;
				CLANG_WARN_INT_CONVERSION = YES;
				CLANG_WARN_NON_LITERAL_NULL_CONVERSION = YES;
				CLANG_WARN_OBJC_IMPLICIT_RETAIN_SELF = YES;
				CLANG_WARN_OBJC_LITERAL_CONVERSION = YES;
				CLANG_WARN_OBJC_ROOT_CLASS = YES_ERROR;
				CLANG_WARN_QUOTED_INCLUDE_IN_FRAMEWORK_HEADER = YES;
				CLANG_WARN_RANGE_LOOP_ANALYSIS = YES;
				CLANG_WARN_STRICT_PROTOTYPES = YES;
				CLANG_WARN_SUSPICIOUS_MOVE = YES;
				CLANG_WARN_UNGUARDED_AVAILABILITY = YES_AGGRESSIVE;
				CLANG_WARN_UNREACHABLE_CODE = YES;
				CLANG_WARN__DUPLICATE_METHOD_MATCH = YES;
				COPY_PHASE_STRIP = NO;
				DEBUG_INFORMATION_FORMAT = "dwarf-with-dsym";
				ENABLE_NS_ASSERTIONS = NO;
				ENABLE_STRICT_OBJC_MSGSEND = YES;
				GCC_C_LANGUAGE_STANDARD = gnu11;
				GCC_NO_COMMON_BLOCKS = YES;
				GCC_WARN_64_TO_32_BIT_CONVERSION = YES;
				GCC_WARN_ABOUT_RETURN_TYPE = YES_ERROR;
				GCC_WARN_UNDECLARED_SELECTOR = YES;
				GCC_WARN_UNINITIALIZED_AUTOS = YES_AGGRESSIVE;
				GCC_WARN_UNUSED_FUNCTION = YES;
				GCC_WARN_UNUSED_VARIABLE = YES;
				IPHONEOS_DEPLOYMENT_TARGET = 15.0;
				MTL_ENABLE_DEBUG_INFO = NO;
				MTL_FAST_MATH = YES;
				SDKROOT = iphoneos;
				SWIFT_COMPILATION_MODE = wholemodule;
				SWIFT_OPTIMIZATION_LEVEL = "-O";
				VALIDATE_PRODUCT = YES;
			};
			name = Release;
		};
		FE9F2A3E290C038B00FA6F88 /* Debug */ = {
			isa = XCBuildConfiguration;
			buildSettings = {
				ASSETCATALOG_COMPILER_APPICON_NAME = AppIcon;
				ASSETCATALOG_COMPILER_GLOBAL_ACCENT_COLOR_NAME = AccentColor;
				CODE_SIGN_STYLE = Automatic;
				CURRENT_PROJECT_VERSION = 1;
				DEVELOPMENT_ASSET_PATHS = "\"TabSample/Preview Content\"";
				DEVELOPMENT_TEAM = KL5WJHP8JY;
				ENABLE_PREVIEWS = YES;
				GENERATE_INFOPLIST_FILE = YES;
				INFOPLIST_KEY_UIApplicationSceneManifest_Generation = YES;
				INFOPLIST_KEY_UIApplicationSupportsIndirectInputEvents = YES;
				INFOPLIST_KEY_UILaunchScreen_Generation = YES;
				INFOPLIST_KEY_UISupportedInterfaceOrientations_iPad = "UIInterfaceOrientationPortrait UIInterfaceOrientationPortraitUpsideDown UIInterfaceOrientationLandscapeLeft UIInterfaceOrientationLandscapeRight";
				INFOPLIST_KEY_UISupportedInterfaceOrientations_iPhone = "UIInterfaceOrientationPortrait UIInterfaceOrientationLandscapeLeft UIInterfaceOrientationLandscapeRight";
				LD_RUNPATH_SEARCH_PATHS = (
					"$(inherited)",
					"@executable_path/Frameworks",
				);
				MARKETING_VERSION = 1.0;
				PRODUCT_BUNDLE_IDENTIFIER = com.wfti.ChatApp;
				PRODUCT_NAME = "$(TARGET_NAME)";
				SWIFT_EMIT_LOC_STRINGS = YES;
				SWIFT_VERSION = 5.0;
				TARGETED_DEVICE_FAMILY = "1,2";
			};
			name = Debug;
		};
		FE9F2A3F290C038B00FA6F88 /* Release */ = {
			isa = XCBuildConfiguration;
			buildSettings = {
				ASSETCATALOG_COMPILER_APPICON_NAME = AppIcon;
				ASSETCATALOG_COMPILER_GLOBAL_ACCENT_COLOR_NAME = AccentColor;
				CODE_SIGN_STYLE = Automatic;
				CURRENT_PROJECT_VERSION = 1;
				DEVELOPMENT_ASSET_PATHS = "\"TabSample/Preview Content\"";
				DEVELOPMENT_TEAM = KL5WJHP8JY;
				ENABLE_PREVIEWS = YES;
				GENERATE_INFOPLIST_FILE = YES;
				INFOPLIST_KEY_UIApplicationSceneManifest_Generation = YES;
				INFOPLIST_KEY_UIApplicationSupportsIndirectInputEvents = YES;
				INFOPLIST_KEY_UILaunchScreen_Generation = YES;
				INFOPLIST_KEY_UISupportedInterfaceOrientations_iPad = "UIInterfaceOrientationPortrait UIInterfaceOrientationPortraitUpsideDown UIInterfaceOrientationLandscapeLeft UIInterfaceOrientationLandscapeRight";
				INFOPLIST_KEY_UISupportedInterfaceOrientations_iPhone = "UIInterfaceOrientationPortrait UIInterfaceOrientationLandscapeLeft UIInterfaceOrientationLandscapeRight";
				LD_RUNPATH_SEARCH_PATHS = (
					"$(inherited)",
					"@executable_path/Frameworks",
				);
				MARKETING_VERSION = 1.0;
				PRODUCT_BUNDLE_IDENTIFIER = com.wfti.ChatApp;
				PRODUCT_NAME = "$(TARGET_NAME)";
				SWIFT_EMIT_LOC_STRINGS = YES;
				SWIFT_VERSION = 5.0;
				TARGETED_DEVICE_FAMILY = "1,2";
			};
			name = Release;
		};
/* End XCBuildConfiguration section */

/* Begin XCConfigurationList section */
		FE9F2A2A290C038900FA6F88 /* Build configuration list for PBXProject "TabSample" */ = {
			isa = XCConfigurationList;
			buildConfigurations = (
				FE9F2A3B290C038B00FA6F88 /* Debug */,
				FE9F2A3C290C038B00FA6F88 /* Release */,
			);
			defaultConfigurationIsVisible = 0;
			defaultConfigurationName = Release;
		};
		FE9F2A3D290C038B00FA6F88 /* Build configuration list for PBXNativeTarget "TabSample" */ = {
			isa = XCConfigurationList;
			buildConfigurations = (
				FE9F2A3E290C038B00FA6F88 /* Debug */,
				FE9F2A3F290C038B00FA6F88 /* Release */,
			);
			defaultConfigurationIsVisible = 0;
			defaultConfigurationName = Release;
		};
/* End XCConfigurationList section */

/* Begin XCRemoteSwiftPackageReference section */
		FEA7FB78290D348500EA73E5 /* XCRemoteSwiftPackageReference "firebase-ios-sdk" */ = {
			isa = XCRemoteSwiftPackageReference;
			repositoryURL = "https://github.com/firebase/firebase-ios-sdk";
			requirement = {
				kind = upToNextMajorVersion;
				minimumVersion = 9.0.0;
			};
		};
/* End XCRemoteSwiftPackageReference section */

/* Begin XCSwiftPackageProductDependency section */
		FEA7FB79290D348500EA73E5 /* FirebaseAuth */ = {
			isa = XCSwiftPackageProductDependency;
			package = FEA7FB78290D348500EA73E5 /* XCRemoteSwiftPackageReference "firebase-ios-sdk" */;
			productName = FirebaseAuth;
		};
		FEA7FB7B290D348500EA73E5 /* FirebaseFirestore */ = {
			isa = XCSwiftPackageProductDependency;
			package = FEA7FB78290D348500EA73E5 /* XCRemoteSwiftPackageReference "firebase-ios-sdk" */;
			productName = FirebaseFirestore;
		};
		FEA7FB7D290D348500EA73E5 /* FirebaseStorage */ = {
			isa = XCSwiftPackageProductDependency;
			package = FEA7FB78290D348500EA73E5 /* XCRemoteSwiftPackageReference "firebase-ios-sdk" */;
			productName = FirebaseStorage;
		};
/* End XCSwiftPackageProductDependency section */
	};
	rootObject = FE9F2A27290C038900FA6F88 /* Project object */;
}
